
Microsoft Visual Studio Solution File, Format Version 12.00
# Visual Studio Version 16
VisualStudioVersion = 16.0.29509.3
MinimumVisualStudioVersion = 10.0.40219.1
Project("{FAE04EC0-301F-11D3-BF4B-00C04F79EFBC}") = "CustomRenderes.Android", "CustomRenderes\CustomRenderes.Android\CustomRenderes.Android.csproj", "{39DA7DA6-4037-462E-9EE5-CAB8C8922795}"
EndProject
Project("{FAE04EC0-301F-11D3-BF4B-00C04F79EFBC}") = "CustomRenderes.iOS", "CustomRenderes\CustomRenderes.iOS\CustomRenderes.iOS.csproj", "{A6718C5D-380D-4346-9062-4F6720A24389}"
EndProject
Project("{FAE04EC0-301F-11D3-BF4B-00C04F79EFBC}") = "CustomRenderes", "CustomRenderes\CustomRenderes\CustomRenderes.csproj", "{43803150-3265-48D2-A340-4211CE58A1A9}"
EndProject
Global
	GlobalSection(SolutionConfigurationPlatforms) = preSolution
		Debug|Any CPU = Debug|Any CPU
		Debug|iPhone = Debug|iPhone
		Debug|iPhoneSimulator = Debug|iPhoneSimulator
		Release|Any CPU = Release|Any CPU
		Release|iPhone = Release|iPhone
		Release|iPhoneSimulator = Release|iPhoneSimulator
	EndGlobalSection
	GlobalSection(ProjectConfigurationPlatforms) = postSolution
		{39DA7DA6-4037-462E-9EE5-CAB8C8922795}.Debug|Any CPU.ActiveCfg = Debug|Any CPU
		{39DA7DA6-4037-462E-9EE5-CAB8C8922795}.Debug|Any CPU.Build.0 = Debug|Any CPU
		{39DA7DA6-4037-462E-9EE5-CAB8C8922795}.Debug|Any CPU.Deploy.0 = Debug|Any CPU
		{39DA7DA6-4037-462E-9EE5-CAB8C8922795}.Debug|iPhone.ActiveCfg = Debug|Any CPU
		{39DA7DA6-4037-462E-9EE5-CAB8C8922795}.Debug|iPhone.Build.0 = Debug|Any CPU
		{39DA7DA6-4037-462E-9EE5-CAB8C8922795}.Debug|iPhone.Deploy.0 = Debug|Any CPU
		{39DA7DA6-4037-462E-9EE5-CAB8C8922795}.Debug|iPhoneSimulator.ActiveCfg = Debug|Any CPU
		{39DA7DA6-4037-462E-9EE5-CAB8C8922795}.Debug|iPhoneSimulator.Build.0 = Debug|Any CPU
		{39DA7DA6-4037-462E-9EE5-CAB8C8922795}.Debug|iPhoneSimulator.Deploy.0 = Debug|Any CPU
		{39DA7DA6-4037-462E-9EE5-CAB8C8922795}.Release|Any CPU.ActiveCfg = Release|Any CPU
		{39DA7DA6-4037-462E-9EE5-CAB8C8922795}.Release|Any CPU.Build.0 = Release|Any CPU
		{39DA7DA6-4037-462E-9EE5-CAB8C8922795}.Release|Any CPU.Deploy.0 = Release|Any CPU
		{39DA7DA6-4037-462E-9EE5-CAB8C8922795}.Release|iPhone.ActiveCfg = Release|Any CPU
		{39DA7DA6-4037-462E-9EE5-CAB8C8922795}.Release|iPhone.Build.0 = Release|Any CPU
		{39DA7DA6-4037-462E-9EE5-CAB8C8922795}.Release|iPhone.Deploy.0 = Release|Any CPU
		{39DA7DA6-4037-462E-9EE5-CAB8C8922795}.Release|iPhoneSimulator.ActiveCfg = Release|Any CPU
		{39DA7DA6-4037-462E-9EE5-CAB8C8922795}.Release|iPhoneSimulator.Build.0 = Release|Any CPU
		{39DA7DA6-4037-462E-9EE5-CAB8C8922795}.Release|iPhoneSimulator.Deploy.0 = Release|Any CPU
		{A6718C5D-380D-4346-9062-4F6720A24389}.Debug|Any CPU.ActiveCfg = Debug|iPhoneSimulator
		{A6718C5D-380D-4346-9062-4F6720A24389}.Debug|Any CPU.Build.0 = Debug|iPhoneSimulator
		{A6718C5D-380D-4346-9062-4F6720A24389}.Debug|Any CPU.Deploy.0 = Debug|iPhoneSimulator
		{A6718C5D-380D-4346-9062-4F6720A24389}.Debug|iPhone.ActiveCfg = Debug|iPhone
		{A6718C5D-380D-4346-9062-4F6720A24389}.Debug|iPhone.Build.0 = Debug|iPhone
		{A6718C5D-380D-4346-9062-4F6720A24389}.Debug|iPhone.Deploy.0 = Debug|iPhone
		{A6718C5D-380D-4346-9062-4F6720A24389}.Debug|iPhoneSimulator.ActiveCfg = Debug|iPhoneSimulator
		{A6718C5D-380D-4346-9062-4F6720A24389}.Debug|iPhoneSimulator.Build.0 = Debug|iPhoneSimulator
		{A6718C5D-380D-4346-9062-4F6720A24389}.Debug|iPhoneSimulator.Deploy.0 = Debug|iPhoneSimulator
		{A6718C5D-380D-4346-9062-4F6720A24389}.Release|Any CPU.ActiveCfg = Release|iPhone
		{A6718C5D-380D-4346-9062-4F6720A24389}.Release|Any CPU.Build.0 = Release|iPhone
		{A6718C5D-380D-4346-9062-4F6720A24389}.Release|Any CPU.Deploy.0 = Release|iPhone
		{A6718C5D-380D-4346-9062-4F6720A24389}.Release|iPhone.ActiveCfg = Release|iPhone
		{A6718C5D-380D-4346-9062-4F6720A24389}.Release|iPhone.Build.0 = Release|iPhone
		{A6718C5D-380D-4346-9062-4F6720A24389}.Release|iPhone.Deploy.0 = Release|iPhone
		{A6718C5D-380D-4346-9062-4F6720A24389}.Release|iPhoneSimulator.ActiveCfg = Release|iPhoneSimulator
		{A6718C5D-380D-4346-9062-4F6720A24389}.Release|iPhoneSimulator.Build.0 = Release|iPhoneSimulator
		{A6718C5D-380D-4346-9062-4F6720A24389}.Release|iPhoneSimulator.Deploy.0 = Release|iPhoneSimulator
		{43803150-3265-48D2-A340-4211CE58A1A9}.Debug|Any CPU.ActiveCfg = Debug|Any CPU
		{43803150-3265-48D2-A340-4211CE58A1A9}.Debug|Any CPU.Build.0 = Debug|Any CPU
		{43803150-3265-48D2-A340-4211CE58A1A9}.Debug|Any CPU.Deploy.0 = Debug|Any CPU
		{43803150-3265-48D2-A340-4211CE58A1A9}.Debug|iPhone.ActiveCfg = Debug|Any CPU
		{43803150-3265-48D2-A340-4211CE58A1A9}.Debug|iPhone.Build.0 = Debug|Any CPU
		{43803150-3265-48D2-A340-4211CE58A1A9}.Debug|iPhone.Deploy.0 = Debug|Any CPU
		{43803150-3265-48D2-A340-4211CE58A1A9}.Debug|iPhoneSimulator.ActiveCfg = Debug|Any CPU
		{43803150-3265-48D2-A340-4211CE58A1A9}.Debug|iPhoneSimulator.Build.0 = Debug|Any CPU
		{43803150-3265-48D2-A340-4211CE58A1A9}.Debug|iPhoneSimulator.Deploy.0 = Debug|Any CPU
		{43803150-3265-48D2-A340-4211CE58A1A9}.Release|Any CPU.ActiveCfg = Release|Any CPU
		{43803150-3265-48D2-A340-4211CE58A1A9}.Release|Any CPU.Build.0 = Release|Any CPU
		{43803150-3265-48D2-A340-4211CE58A1A9}.Release|Any CPU.Deploy.0 = Release|Any CPU
		{43803150-3265-48D2-A340-4211CE58A1A9}.Release|iPhone.ActiveCfg = Release|Any CPU
		{43803150-3265-48D2-A340-4211CE58A1A9}.Release|iPhone.Build.0 = Release|Any CPU
		{43803150-3265-48D2-A340-4211CE58A1A9}.Release|iPhone.Deploy.0 = Release|Any CPU
		{43803150-3265-48D2-A340-4211CE58A1A9}.Release|iPhoneSimulator.ActiveCfg = Release|Any CPU
		{43803150-3265-48D2-A340-4211CE58A1A9}.Release|iPhoneSimulator.Build.0 = Release|Any CPU
		{43803150-3265-48D2-A340-4211CE58A1A9}.Release|iPhoneSimulator.Deploy.0 = Release|Any CPU
	EndGlobalSection
	GlobalSection(SolutionProperties) = preSolution
		HideSolutionNode = FALSE
	EndGlobalSection
	GlobalSection(ExtensibilityGlobals) = postSolution
		SolutionGuid = {B223B9BD-554B-4D74-A6A5-764896BD8948}
	EndGlobalSection
EndGlobal
